
Microsoft Visual Studio Solution File, Format Version 12.00
# Visual Studio Version 17
VisualStudioVersion = 17.7.34003.232
MinimumVisualStudioVersion = 10.0.40219.1
Project("{FAE04EC0-301F-11D3-BF4B-00C04F79EFBC}") = "DapperHomeWork", "DapperHomeWork\DapperHomeWork.csproj", "{CDFDBC19-5FFC-400D-9123-8662A743CD9F}"
EndProject
Global
	GlobalSection(SolutionConfigurationPlatforms) = preSolution
		Debug|Any CPU = Debug|Any CPU
		Release|Any CPU = Release|Any CPU
	EndGlobalSection
	GlobalSection(ProjectConfigurationPlatforms) = postSolution
		{CDFDBC19-5FFC-400D-9123-8662A743CD9F}.Debug|Any CPU.ActiveCfg = Debug|Any CPU
		{CDFDBC19-5FFC-400D-9123-8662A743CD9F}.Debug|Any CPU.Build.0 = Debug|Any CPU
		{CDFDBC19-5FFC-400D-9123-8662A743CD9F}.Release|Any CPU.ActiveCfg = Release|Any CPU
		{CDFDBC19-5FFC-400D-9123-8662A743CD9F}.Release|Any CPU.Build.0 = Release|Any CPU
	EndGlobalSection
	GlobalSection(SolutionProperties) = preSolution
		HideSolutionNode = FALSE
	EndGlobalSection
	GlobalSection(ExtensibilityGlobals) = postSolution
		SolutionGuid = {F08C6943-8269-442C-8F4A-A1694AEA1864}
	EndGlobalSection
EndGlobal
